
Microsoft Visual Studio Solution File, Format Version 12.00
# Visual Studio 15
VisualStudioVersion = 15.0.28307.1062
MinimumVisualStudioVersion = 10.0.40219.1
Project("{FAE04EC0-301F-11D3-BF4B-00C04F79EFBC}") = "SystemForm", "SystemForm\SystemForm.csproj", "{6A3B6C1C-DDFB-4289-8FF3-ACF67786257F}"
EndProject
Global
	GlobalSection(SolutionConfigurationPlatforms) = preSolution
		Debug|Any CPU = Debug|Any CPU
		Release|Any CPU = Release|Any CPU
	EndGlobalSection
	GlobalSection(ProjectConfigurationPlatforms) = postSolution
		{6A3B6C1C-DDFB-4289-8FF3-ACF67786257F}.Debug|Any CPU.ActiveCfg = Debug|Any CPU
		{6A3B6C1C-DDFB-4289-8FF3-ACF67786257F}.Debug|Any CPU.Build.0 = Debug|Any CPU
		{6A3B6C1C-DDFB-4289-8FF3-ACF67786257F}.Release|Any CPU.ActiveCfg = Release|Any CPU
		{6A3B6C1C-DDFB-4289-8FF3-ACF67786257F}.Release|Any CPU.Build.0 = Release|Any CPU
	EndGlobalSection
	GlobalSection(SolutionProperties) = preSolution
		HideSolutionNode = FALSE
	EndGlobalSection
	GlobalSection(ExtensibilityGlobals) = postSolution
		SolutionGuid = {41304D36-DD93-4FB2-BBB6-4857E40E40A5}
	EndGlobalSection
EndGlobal
